
Microsoft Visual Studio Solution File, Format Version 12.00
# Visual Studio 15
VisualStudioVersion = 15.0.27130.2036
MinimumVisualStudioVersion = 10.0.40219.1
Project("{FAE04EC0-301F-11D3-BF4B-00C04F79EFBC}") = "WindowsFormsApp1", "WindowsFormsApp1\WindowsFormsApp1.csproj", "{CF0D69DA-5C90-41D8-88BC-601DE23A408F}"
EndProject
Global
	GlobalSection(SolutionConfigurationPlatforms) = preSolution
		Debug|Any CPU = Debug|Any CPU
		Release|Any CPU = Release|Any CPU
	EndGlobalSection
	GlobalSection(ProjectConfigurationPlatforms) = postSolution
		{CF0D69DA-5C90-41D8-88BC-601DE23A408F}.Debug|Any CPU.ActiveCfg = Debug|Any CPU
		{CF0D69DA-5C90-41D8-88BC-601DE23A408F}.Debug|Any CPU.Build.0 = Debug|Any CPU
		{CF0D69DA-5C90-41D8-88BC-601DE23A408F}.Release|Any CPU.ActiveCfg = Release|Any CPU
		{CF0D69DA-5C90-41D8-88BC-601DE23A408F}.Release|Any CPU.Build.0 = Release|Any CPU
	EndGlobalSection
	GlobalSection(SolutionProperties) = preSolution
		HideSolutionNode = FALSE
	EndGlobalSection
	GlobalSection(ExtensibilityGlobals) = postSolution
		SolutionGuid = {D64D8EC1-CCBD-49B4-8B3F-669F7D43B672}
	EndGlobalSection
EndGlobal
